
Microsoft Visual Studio Solution File, Format Version 12.00
# Visual Studio 15
Project("{FAE04EC0-301F-11D3-BF4B-00C04F79EFBC}") = "com.rlabrecque.steamworks.net", "com.rlabrecque.steamworks.net.csproj", "{1E7DC6F3-B03E-E67C-310B-0B89D03B6506}"
EndProject
Project("{FAE04EC0-301F-11D3-BF4B-00C04F79EFBC}") = "Mirror.Transports", "Mirror.Transports.csproj", "{588B8B72-64F4-D170-710E-219C6C513D8C}"
EndProject
Project("{FAE04EC0-301F-11D3-BF4B-00C04F79EFBC}") = "Mirror", "Mirror.csproj", "{906B17E0-71D9-3903-FA9A-9E2FA1AE300C}"
EndProject
Project("{FAE04EC0-301F-11D3-BF4B-00C04F79EFBC}") = "Mirror.Components", "Mirror.Components.csproj", "{D0C1BF28-E16E-4FBD-0DB9-06998F4BB328}"
EndProject
Project("{FAE04EC0-301F-11D3-BF4B-00C04F79EFBC}") = "SimpleWebTransport", "SimpleWebTransport.csproj", "{F1E37CCE-B9BF-F004-0F8E-FD348390178A}"
EndProject
Project("{FAE04EC0-301F-11D3-BF4B-00C04F79EFBC}") = "Mirror.Examples", "Mirror.Examples.csproj", "{2707AE55-0C51-31A8-BFD1-FCC46FBCB218}"
EndProject
Project("{FAE04EC0-301F-11D3-BF4B-00C04F79EFBC}") = "Assembly-CSharp", "Assembly-CSharp.csproj", "{8ECFA027-0369-A9DD-B512-FCAD107FFA2D}"
EndProject
Project("{FAE04EC0-301F-11D3-BF4B-00C04F79EFBC}") = "FizzySteamworks", "FizzySteamworks.csproj", "{DD447293-2EB8-BE3B-E73A-451E5A2B813A}"
EndProject
Project("{FAE04EC0-301F-11D3-BF4B-00C04F79EFBC}") = "kcp2k", "kcp2k.csproj", "{11F0FAF9-92B5-AA5A-F556-61FC100414EB}"
EndProject
Project("{FAE04EC0-301F-11D3-BF4B-00C04F79EFBC}") = "Mirror.Authenticators", "Mirror.Authenticators.csproj", "{51925B9A-8AE9-03EE-41AA-5F5231E552DD}"
EndProject
Project("{FAE04EC0-301F-11D3-BF4B-00C04F79EFBC}") = "Telepathy", "Telepathy.csproj", "{C3CC6B06-BA67-003A-3D89-983420F1B2DA}"
EndProject
Project("{FAE04EC0-301F-11D3-BF4B-00C04F79EFBC}") = "Unity.Mirror.CodeGen", "Unity.Mirror.CodeGen.csproj", "{31888074-9B6D-FF9F-8B34-B5E82F0712F9}"
EndProject
Project("{FAE04EC0-301F-11D3-BF4B-00C04F79EFBC}") = "Mirror.Editor", "Mirror.Editor.csproj", "{28BD1E36-4C4D-8F97-6CA6-0564E3B64A5C}"
EndProject
Project("{FAE04EC0-301F-11D3-BF4B-00C04F79EFBC}") = "ParrelSync", "ParrelSync.csproj", "{973DAEFF-DB0B-4AEC-C101-A516DCAA2CA6}"
EndProject
Project("{FAE04EC0-301F-11D3-BF4B-00C04F79EFBC}") = "com.rlabrecque.steamworks.net.editor", "com.rlabrecque.steamworks.net.editor.csproj", "{0A77E201-F1A9-50A1-D65C-D32B077B7251}"
EndProject
Project("{FAE04EC0-301F-11D3-BF4B-00C04F79EFBC}") = "Mirror.CompilerSymbols", "Mirror.CompilerSymbols.csproj", "{9B97B9AB-1506-EAD2-4276-064299DC4829}"
EndProject
Project("{FAE04EC0-301F-11D3-BF4B-00C04F79EFBC}") = "EncryptionTransportEditor", "EncryptionTransportEditor.csproj", "{09E47D93-2D4A-6F81-97F7-B738A8E96852}"
EndProject
Global
	GlobalSection(SolutionConfigurationPlatforms) = preSolution
		Debug|Any CPU = Debug|Any CPU
		Release|Any CPU = Release|Any CPU
	EndGlobalSection
	GlobalSection(ProjectConfigurationPlatforms) = postSolution
		{1E7DC6F3-B03E-E67C-310B-0B89D03B6506}.Debug|Any CPU.ActiveCfg = Debug|Any CPU
		{1E7DC6F3-B03E-E67C-310B-0B89D03B6506}.Debug|Any CPU.Build.0 = Debug|Any CPU
		{1E7DC6F3-B03E-E67C-310B-0B89D03B6506}.Release|Any CPU.ActiveCfg = Release|Any CPU
		{1E7DC6F3-B03E-E67C-310B-0B89D03B6506}.Release|Any CPU.Build.0 = Release|Any CPU
		{588B8B72-64F4-D170-710E-219C6C513D8C}.Debug|Any CPU.ActiveCfg = Debug|Any CPU
		{588B8B72-64F4-D170-710E-219C6C513D8C}.Debug|Any CPU.Build.0 = Debug|Any CPU
		{588B8B72-64F4-D170-710E-219C6C513D8C}.Release|Any CPU.ActiveCfg = Release|Any CPU
		{588B8B72-64F4-D170-710E-219C6C513D8C}.Release|Any CPU.Build.0 = Release|Any CPU
		{906B17E0-71D9-3903-FA9A-9E2FA1AE300C}.Debug|Any CPU.ActiveCfg = Debug|Any CPU
		{906B17E0-71D9-3903-FA9A-9E2FA1AE300C}.Debug|Any CPU.Build.0 = Debug|Any CPU
		{906B17E0-71D9-3903-FA9A-9E2FA1AE300C}.Release|Any CPU.ActiveCfg = Release|Any CPU
		{906B17E0-71D9-3903-FA9A-9E2FA1AE300C}.Release|Any CPU.Build.0 = Release|Any CPU
		{D0C1BF28-E16E-4FBD-0DB9-06998F4BB328}.Debug|Any CPU.ActiveCfg = Debug|Any CPU
		{D0C1BF28-E16E-4FBD-0DB9-06998F4BB328}.Debug|Any CPU.Build.0 = Debug|Any CPU
		{D0C1BF28-E16E-4FBD-0DB9-06998F4BB328}.Release|Any CPU.ActiveCfg = Release|Any CPU
		{D0C1BF28-E16E-4FBD-0DB9-06998F4BB328}.Release|Any CPU.Build.0 = Release|Any CPU
		{F1E37CCE-B9BF-F004-0F8E-FD348390178A}.Debug|Any CPU.ActiveCfg = Debug|Any CPU
		{F1E37CCE-B9BF-F004-0F8E-FD348390178A}.Debug|Any CPU.Build.0 = Debug|Any CPU
		{F1E37CCE-B9BF-F004-0F8E-FD348390178A}.Release|Any CPU.ActiveCfg = Release|Any CPU
		{F1E37CCE-B9BF-F004-0F8E-FD348390178A}.Release|Any CPU.Build.0 = Release|Any CPU
		{2707AE55-0C51-31A8-BFD1-FCC46FBCB218}.Debug|Any CPU.ActiveCfg = Debug|Any CPU
		{2707AE55-0C51-31A8-BFD1-FCC46FBCB218}.Debug|Any CPU.Build.0 = Debug|Any CPU
		{2707AE55-0C51-31A8-BFD1-FCC46FBCB218}.Release|Any CPU.ActiveCfg = Release|Any CPU
		{2707AE55-0C51-31A8-BFD1-FCC46FBCB218}.Release|Any CPU.Build.0 = Release|Any CPU
		{8ECFA027-0369-A9DD-B512-FCAD107FFA2D}.Debug|Any CPU.ActiveCfg = Debug|Any CPU
		{8ECFA027-0369-A9DD-B512-FCAD107FFA2D}.Debug|Any CPU.Build.0 = Debug|Any CPU
		{8ECFA027-0369-A9DD-B512-FCAD107FFA2D}.Release|Any CPU.ActiveCfg = Release|Any CPU
		{8ECFA027-0369-A9DD-B512-FCAD107FFA2D}.Release|Any CPU.Build.0 = Release|Any CPU
		{DD447293-2EB8-BE3B-E73A-451E5A2B813A}.Debug|Any CPU.ActiveCfg = Debug|Any CPU
		{DD447293-2EB8-BE3B-E73A-451E5A2B813A}.Debug|Any CPU.Build.0 = Debug|Any CPU
		{DD447293-2EB8-BE3B-E73A-451E5A2B813A}.Release|Any CPU.ActiveCfg = Release|Any CPU
		{DD447293-2EB8-BE3B-E73A-451E5A2B813A}.Release|Any CPU.Build.0 = Release|Any CPU
		{11F0FAF9-92B5-AA5A-F556-61FC100414EB}.Debug|Any CPU.ActiveCfg = Debug|Any CPU
		{11F0FAF9-92B5-AA5A-F556-61FC100414EB}.Debug|Any CPU.Build.0 = Debug|Any CPU
		{11F0FAF9-92B5-AA5A-F556-61FC100414EB}.Release|Any CPU.ActiveCfg = Release|Any CPU
		{11F0FAF9-92B5-AA5A-F556-61FC100414EB}.Release|Any CPU.Build.0 = Release|Any CPU
		{51925B9A-8AE9-03EE-41AA-5F5231E552DD}.Debug|Any CPU.ActiveCfg = Debug|Any CPU
		{51925B9A-8AE9-03EE-41AA-5F5231E552DD}.Debug|Any CPU.Build.0 = Debug|Any CPU
		{51925B9A-8AE9-03EE-41AA-5F5231E552DD}.Release|Any CPU.ActiveCfg = Release|Any CPU
		{51925B9A-8AE9-03EE-41AA-5F5231E552DD}.Release|Any CPU.Build.0 = Release|Any CPU
		{C3CC6B06-BA67-003A-3D89-983420F1B2DA}.Debug|Any CPU.ActiveCfg = Debug|Any CPU
		{C3CC6B06-BA67-003A-3D89-983420F1B2DA}.Debug|Any CPU.Build.0 = Debug|Any CPU
		{C3CC6B06-BA67-003A-3D89-983420F1B2DA}.Release|Any CPU.ActiveCfg = Release|Any CPU
		{C3CC6B06-BA67-003A-3D89-983420F1B2DA}.Release|Any CPU.Build.0 = Release|Any CPU
		{31888074-9B6D-FF9F-8B34-B5E82F0712F9}.Debug|Any CPU.ActiveCfg = Debug|Any CPU
		{31888074-9B6D-FF9F-8B34-B5E82F0712F9}.Debug|Any CPU.Build.0 = Debug|Any CPU
		{31888074-9B6D-FF9F-8B34-B5E82F0712F9}.Release|Any CPU.ActiveCfg = Release|Any CPU
		{31888074-9B6D-FF9F-8B34-B5E82F0712F9}.Release|Any CPU.Build.0 = Release|Any CPU
		{28BD1E36-4C4D-8F97-6CA6-0564E3B64A5C}.Debug|Any CPU.ActiveCfg = Debug|Any CPU
		{28BD1E36-4C4D-8F97-6CA6-0564E3B64A5C}.Debug|Any CPU.Build.0 = Debug|Any CPU
		{28BD1E36-4C4D-8F97-6CA6-0564E3B64A5C}.Release|Any CPU.ActiveCfg = Release|Any CPU
		{28BD1E36-4C4D-8F97-6CA6-0564E3B64A5C}.Release|Any CPU.Build.0 = Release|Any CPU
		{973DAEFF-DB0B-4AEC-C101-A516DCAA2CA6}.Debug|Any CPU.ActiveCfg = Debug|Any CPU
		{973DAEFF-DB0B-4AEC-C101-A516DCAA2CA6}.Debug|Any CPU.Build.0 = Debug|Any CPU
		{973DAEFF-DB0B-4AEC-C101-A516DCAA2CA6}.Release|Any CPU.ActiveCfg = Release|Any CPU
		{973DAEFF-DB0B-4AEC-C101-A516DCAA2CA6}.Release|Any CPU.Build.0 = Release|Any CPU
		{0A77E201-F1A9-50A1-D65C-D32B077B7251}.Debug|Any CPU.ActiveCfg = Debug|Any CPU
		{0A77E201-F1A9-50A1-D65C-D32B077B7251}.Debug|Any CPU.Build.0 = Debug|Any CPU
		{0A77E201-F1A9-50A1-D65C-D32B077B7251}.Release|Any CPU.ActiveCfg = Release|Any CPU
		{0A77E201-F1A9-50A1-D65C-D32B077B7251}.Release|Any CPU.Build.0 = Release|Any CPU
		{9B97B9AB-1506-EAD2-4276-064299DC4829}.Debug|Any CPU.ActiveCfg = Debug|Any CPU
		{9B97B9AB-1506-EAD2-4276-064299DC4829}.Debug|Any CPU.Build.0 = Debug|Any CPU
		{9B97B9AB-1506-EAD2-4276-064299DC4829}.Release|Any CPU.ActiveCfg = Release|Any CPU
		{9B97B9AB-1506-EAD2-4276-064299DC4829}.Release|Any CPU.Build.0 = Release|Any CPU
		{09E47D93-2D4A-6F81-97F7-B738A8E96852}.Debug|Any CPU.ActiveCfg = Debug|Any CPU
		{09E47D93-2D4A-6F81-97F7-B738A8E96852}.Debug|Any CPU.Build.0 = Debug|Any CPU
		{09E47D93-2D4A-6F81-97F7-B738A8E96852}.Release|Any CPU.ActiveCfg = Release|Any CPU
		{09E47D93-2D4A-6F81-97F7-B738A8E96852}.Release|Any CPU.Build.0 = Release|Any CPU
	EndGlobalSection
	GlobalSection(SolutionProperties) = preSolution
		HideSolutionNode = FALSE
	EndGlobalSection
EndGlobal
